
Microsoft Visual Studio Solution File, Format Version 12.00
# Visual Studio Version 17
VisualStudioVersion = 17.0.31903.59
MinimumVisualStudioVersion = 10.0.40219.1
Project("{2150E333-8FDC-42A3-9474-1A3956D46DE8}") = "src", "src", "{827E0CD3-B72D-47B6-A68D-7590B98EB39B}"
EndProject
Project("{FAE04EC0-301F-11D3-BF4B-00C04F79EFBC}") = "OrcPro.App", "src\OrcPro.App\OrcPro.App.csproj", "{B233546C-5B79-4461-8074-A384B628F54F}"
EndProject
Project("{FAE04EC0-301F-11D3-BF4B-00C04F79EFBC}") = "OrcPro.Domain", "src\OrcPro.Domain\OrcPro.Domain.csproj", "{4FA7301C-ABB3-427E-9B0F-7A46290C03BA}"
EndProject
Project("{FAE04EC0-301F-11D3-BF4B-00C04F79EFBC}") = "OrcPro.Application", "src\OrcPro.Application\OrcPro.Application.csproj", "{61B7A1C2-D139-466F-8EB0-C7457B49BCFC}"
EndProject
Project("{FAE04EC0-301F-11D3-BF4B-00C04F79EFBC}") = "OrcPro.Infrastructure", "src\OrcPro.Infrastructure\OrcPro.Infrastructure.csproj", "{BC93A842-2FA1-4662-AB01-F86D7C7A65D1}"
EndProject
Project("{FAE04EC0-301F-11D3-BF4B-00C04F79EFBC}") = "OrcPro.Tests", "tests\OrcPro.Tests\OrcPro.Tests.csproj", "{AA40D407-C844-4A40-B5EF-4DB31C8D2AB5}"
EndProject
Global
	GlobalSection(SolutionConfigurationPlatforms) = preSolution
		Debug|Any CPU = Debug|Any CPU
		Debug|x64 = Debug|x64
		Debug|x86 = Debug|x86
		Release|Any CPU = Release|Any CPU
		Release|x64 = Release|x64
		Release|x86 = Release|x86
	EndGlobalSection
	GlobalSection(ProjectConfigurationPlatforms) = postSolution
		{B233546C-5B79-4461-8074-A384B628F54F}.Debug|Any CPU.ActiveCfg = Debug|Any CPU
		{B233546C-5B79-4461-8074-A384B628F54F}.Debug|Any CPU.Build.0 = Debug|Any CPU
		{B233546C-5B79-4461-8074-A384B628F54F}.Debug|x64.ActiveCfg = Debug|Any CPU
		{B233546C-5B79-4461-8074-A384B628F54F}.Debug|x64.Build.0 = Debug|Any CPU
		{B233546C-5B79-4461-8074-A384B628F54F}.Debug|x86.ActiveCfg = Debug|Any CPU
		{B233546C-5B79-4461-8074-A384B628F54F}.Debug|x86.Build.0 = Debug|Any CPU
		{B233546C-5B79-4461-8074-A384B628F54F}.Release|Any CPU.ActiveCfg = Release|Any CPU
		{B233546C-5B79-4461-8074-A384B628F54F}.Release|Any CPU.Build.0 = Release|Any CPU
		{B233546C-5B79-4461-8074-A384B628F54F}.Release|x64.ActiveCfg = Release|Any CPU
		{B233546C-5B79-4461-8074-A384B628F54F}.Release|x64.Build.0 = Release|Any CPU
		{B233546C-5B79-4461-8074-A384B628F54F}.Release|x86.ActiveCfg = Release|Any CPU
		{B233546C-5B79-4461-8074-A384B628F54F}.Release|x86.Build.0 = Release|Any CPU
		{4FA7301C-ABB3-427E-9B0F-7A46290C03BA}.Debug|Any CPU.ActiveCfg = Debug|Any CPU
		{4FA7301C-ABB3-427E-9B0F-7A46290C03BA}.Debug|Any CPU.Build.0 = Debug|Any CPU
		{4FA7301C-ABB3-427E-9B0F-7A46290C03BA}.Debug|x64.ActiveCfg = Debug|Any CPU
		{4FA7301C-ABB3-427E-9B0F-7A46290C03BA}.Debug|x64.Build.0 = Debug|Any CPU
		{4FA7301C-ABB3-427E-9B0F-7A46290C03BA}.Debug|x86.ActiveCfg = Debug|Any CPU
		{4FA7301C-ABB3-427E-9B0F-7A46290C03BA}.Debug|x86.Build.0 = Debug|Any CPU
		{4FA7301C-ABB3-427E-9B0F-7A46290C03BA}.Release|Any CPU.ActiveCfg = Release|Any CPU
		{4FA7301C-ABB3-427E-9B0F-7A46290C03BA}.Release|Any CPU.Build.0 = Release|Any CPU
		{4FA7301C-ABB3-427E-9B0F-7A46290C03BA}.Release|x64.ActiveCfg = Release|Any CPU
		{4FA7301C-ABB3-427E-9B0F-7A46290C03BA}.Release|x64.Build.0 = Release|Any CPU
		{4FA7301C-ABB3-427E-9B0F-7A46290C03BA}.Release|x86.ActiveCfg = Release|Any CPU
		{4FA7301C-ABB3-427E-9B0F-7A46290C03BA}.Release|x86.Build.0 = Release|Any CPU
		{61B7A1C2-D139-466F-8EB0-C7457B49BCFC}.Debug|Any CPU.ActiveCfg = Debug|Any CPU
		{61B7A1C2-D139-466F-8EB0-C7457B49BCFC}.Debug|Any CPU.Build.0 = Debug|Any CPU
		{61B7A1C2-D139-466F-8EB0-C7457B49BCFC}.Debug|x64.ActiveCfg = Debug|Any CPU
		{61B7A1C2-D139-466F-8EB0-C7457B49BCFC}.Debug|x64.Build.0 = Debug|Any CPU
		{61B7A1C2-D139-466F-8EB0-C7457B49BCFC}.Debug|x86.ActiveCfg = Debug|Any CPU
		{61B7A1C2-D139-466F-8EB0-C7457B49BCFC}.Debug|x86.Build.0 = Debug|Any CPU
		{61B7A1C2-D139-466F-8EB0-C7457B49BCFC}.Release|Any CPU.ActiveCfg = Release|Any CPU
		{61B7A1C2-D139-466F-8EB0-C7457B49BCFC}.Release|Any CPU.Build.0 = Release|Any CPU
		{61B7A1C2-D139-466F-8EB0-C7457B49BCFC}.Release|x64.ActiveCfg = Release|Any CPU
		{61B7A1C2-D139-466F-8EB0-C7457B49BCFC}.Release|x64.Build.0 = Release|Any CPU
		{61B7A1C2-D139-466F-8EB0-C7457B49BCFC}.Release|x86.ActiveCfg = Release|Any CPU
		{61B7A1C2-D139-466F-8EB0-C7457B49BCFC}.Release|x86.Build.0 = Release|Any CPU
		{BC93A842-2FA1-4662-AB01-F86D7C7A65D1}.Debug|Any CPU.ActiveCfg = Debug|Any CPU
		{BC93A842-2FA1-4662-AB01-F86D7C7A65D1}.Debug|Any CPU.Build.0 = Debug|Any CPU
		{BC93A842-2FA1-4662-AB01-F86D7C7A65D1}.Debug|x64.ActiveCfg = Debug|Any CPU
		{BC93A842-2FA1-4662-AB01-F86D7C7A65D1}.Debug|x64.Build.0 = Debug|Any CPU
		{BC93A842-2FA1-4662-AB01-F86D7C7A65D1}.Debug|x86.ActiveCfg = Debug|Any CPU
		{BC93A842-2FA1-4662-AB01-F86D7C7A65D1}.Debug|x86.Build.0 = Debug|Any CPU
		{BC93A842-2FA1-4662-AB01-F86D7C7A65D1}.Release|Any CPU.ActiveCfg = Release|Any CPU
		{BC93A842-2FA1-4662-AB01-F86D7C7A65D1}.Release|Any CPU.Build.0 = Release|Any CPU
		{BC93A842-2FA1-4662-AB01-F86D7C7A65D1}.Release|x64.ActiveCfg = Release|Any CPU
		{BC93A842-2FA1-4662-AB01-F86D7C7A65D1}.Release|x64.Build.0 = Release|Any CPU
		{BC93A842-2FA1-4662-AB01-F86D7C7A65D1}.Release|x86.ActiveCfg = Release|Any CPU
		{BC93A842-2FA1-4662-AB01-F86D7C7A65D1}.Release|x86.Build.0 = Release|Any CPU
		{AA40D407-C844-4A40-B5EF-4DB31C8D2AB5}.Debug|Any CPU.ActiveCfg = Debug|Any CPU
		{AA40D407-C844-4A40-B5EF-4DB31C8D2AB5}.Debug|Any CPU.Build.0 = Debug|Any CPU
		{AA40D407-C844-4A40-B5EF-4DB31C8D2AB5}.Debug|x64.ActiveCfg = Debug|Any CPU
		{AA40D407-C844-4A40-B5EF-4DB31C8D2AB5}.Debug|x64.Build.0 = Debug|Any CPU
		{AA40D407-C844-4A40-B5EF-4DB31C8D2AB5}.Debug|x86.ActiveCfg = Debug|Any CPU
		{AA40D407-C844-4A40-B5EF-4DB31C8D2AB5}.Debug|x86.Build.0 = Debug|Any CPU
		{AA40D407-C844-4A40-B5EF-4DB31C8D2AB5}.Release|Any CPU.ActiveCfg = Release|Any CPU
		{AA40D407-C844-4A40-B5EF-4DB31C8D2AB5}.Release|Any CPU.Build.0 = Release|Any CPU
		{AA40D407-C844-4A40-B5EF-4DB31C8D2AB5}.Release|x64.ActiveCfg = Release|Any CPU
		{AA40D407-C844-4A40-B5EF-4DB31C8D2AB5}.Release|x64.Build.0 = Release|Any CPU
		{AA40D407-C844-4A40-B5EF-4DB31C8D2AB5}.Release|x86.ActiveCfg = Release|Any CPU
		{AA40D407-C844-4A40-B5EF-4DB31C8D2AB5}.Release|x86.Build.0 = Release|Any CPU
	EndGlobalSection
	GlobalSection(SolutionProperties) = preSolution
		HideSolutionNode = FALSE
	EndGlobalSection
	GlobalSection(NestedProjects) = preSolution
		{B233546C-5B79-4461-8074-A384B628F54F} = {827E0CD3-B72D-47B6-A68D-7590B98EB39B}
		{4FA7301C-ABB3-427E-9B0F-7A46290C03BA} = {827E0CD3-B72D-47B6-A68D-7590B98EB39B}
		{61B7A1C2-D139-466F-8EB0-C7457B49BCFC} = {827E0CD3-B72D-47B6-A68D-7590B98EB39B}
		{BC93A842-2FA1-4662-AB01-F86D7C7A65D1} = {827E0CD3-B72D-47B6-A68D-7590B98EB39B}
		{AA40D407-C844-4A40-B5EF-4DB31C8D2AB5} = {827E0CD3-B72D-47B6-A68D-7590B98EB39B}
	EndGlobalSection
EndGlobal
